
Microsoft Visual Studio Solution File, Format Version 12.00
# Visual Studio Version 17
VisualStudioVersion = 17.14.36429.23 d17.14
MinimumVisualStudioVersion = 10.0.40219.1
Project("{FAE04EC0-301F-11D3-BF4B-00C04F79EFBC}") = "GestionJanariak", "GestionJanariak\GestionJanariak.csproj", "{42F60C3B-9057-4BC2-AD45-84CA288B4CC9}"
EndProject
Global
	GlobalSection(SolutionConfigurationPlatforms) = preSolution
		Debug|Any CPU = Debug|Any CPU
		Release|Any CPU = Release|Any CPU
	EndGlobalSection
	GlobalSection(ProjectConfigurationPlatforms) = postSolution
		{42F60C3B-9057-4BC2-AD45-84CA288B4CC9}.Debug|Any CPU.ActiveCfg = Debug|Any CPU
		{42F60C3B-9057-4BC2-AD45-84CA288B4CC9}.Debug|Any CPU.Build.0 = Debug|Any CPU
		{42F60C3B-9057-4BC2-AD45-84CA288B4CC9}.Release|Any CPU.ActiveCfg = Release|Any CPU
		{42F60C3B-9057-4BC2-AD45-84CA288B4CC9}.Release|Any CPU.Build.0 = Release|Any CPU
	EndGlobalSection
	GlobalSection(SolutionProperties) = preSolution
		HideSolutionNode = FALSE
	EndGlobalSection
	GlobalSection(ExtensibilityGlobals) = postSolution
		SolutionGuid = {C0D2706F-F3A4-4FB7-949E-BD072F4319FD}
	EndGlobalSection
EndGlobal
